
Microsoft Visual Studio Solution File, Format Version 12.00
# Visual Studio Version 17
VisualStudioVersion = 17.7.34024.191
MinimumVisualStudioVersion = 10.0.40219.1
Project("{FAE04EC0-301F-11D3-BF4B-00C04F79EFBC}") = "LCMS Legacy", "LCMS Legacy\LCMS Legacy.csproj", "{B2A6FEBD-1294-4144-B563-246B0D91B7BC}"
EndProject
Global
	GlobalSection(SolutionConfigurationPlatforms) = preSolution
		Debug|Any CPU = Debug|Any CPU
		Release|Any CPU = Release|Any CPU
	EndGlobalSection
	GlobalSection(ProjectConfigurationPlatforms) = postSolution
		{B2A6FEBD-1294-4144-B563-246B0D91B7BC}.Debug|Any CPU.ActiveCfg = Debug|Any CPU
		{B2A6FEBD-1294-4144-B563-246B0D91B7BC}.Debug|Any CPU.Build.0 = Debug|Any CPU
		{B2A6FEBD-1294-4144-B563-246B0D91B7BC}.Release|Any CPU.ActiveCfg = Release|Any CPU
		{B2A6FEBD-1294-4144-B563-246B0D91B7BC}.Release|Any CPU.Build.0 = Release|Any CPU
	EndGlobalSection
	GlobalSection(SolutionProperties) = preSolution
		HideSolutionNode = FALSE
	EndGlobalSection
	GlobalSection(ExtensibilityGlobals) = postSolution
		SolutionGuid = {6D065019-E434-44B9-B101-AC2FC139A059}
	EndGlobalSection
EndGlobal
